
Microsoft Visual Studio Solution File, Format Version 12.00
# Visual Studio Version 17
VisualStudioVersion = 17.8.34316.72
MinimumVisualStudioVersion = 10.0.40219.1
Project("{FAE04EC0-301F-11D3-BF4B-00C04F79EFBC}") = "DataAccessLayer", "DataAccessLayer.csproj", "{3B9A797C-F27C-4675-ABB9-605EAAA52666}"
EndProject
Project("{FAE04EC0-301F-11D3-BF4B-00C04F79EFBC}") = "EntityLayer", "..\..\Entity\EntityLayer\EntityLayer.csproj", "{F21E0C6D-BC06-4E94-8A79-F42FDB9DE8C2}"
EndProject
Global
	GlobalSection(SolutionConfigurationPlatforms) = preSolution
		Debug|Any CPU = Debug|Any CPU
		Release|Any CPU = Release|Any CPU
	EndGlobalSection
	GlobalSection(ProjectConfigurationPlatforms) = postSolution
		{3B9A797C-F27C-4675-ABB9-605EAAA52666}.Debug|Any CPU.ActiveCfg = Debug|Any CPU
		{3B9A797C-F27C-4675-ABB9-605EAAA52666}.Debug|Any CPU.Build.0 = Debug|Any CPU
		{3B9A797C-F27C-4675-ABB9-605EAAA52666}.Release|Any CPU.ActiveCfg = Release|Any CPU
		{3B9A797C-F27C-4675-ABB9-605EAAA52666}.Release|Any CPU.Build.0 = Release|Any CPU
		{F21E0C6D-BC06-4E94-8A79-F42FDB9DE8C2}.Debug|Any CPU.ActiveCfg = Debug|Any CPU
		{F21E0C6D-BC06-4E94-8A79-F42FDB9DE8C2}.Debug|Any CPU.Build.0 = Debug|Any CPU
		{F21E0C6D-BC06-4E94-8A79-F42FDB9DE8C2}.Release|Any CPU.ActiveCfg = Release|Any CPU
		{F21E0C6D-BC06-4E94-8A79-F42FDB9DE8C2}.Release|Any CPU.Build.0 = Release|Any CPU
	EndGlobalSection
	GlobalSection(SolutionProperties) = preSolution
		HideSolutionNode = FALSE
	EndGlobalSection
	GlobalSection(ExtensibilityGlobals) = postSolution
		SolutionGuid = {B59A8A7D-607F-45FE-94AC-5379468BB984}
	EndGlobalSection
EndGlobal
