
Microsoft Visual Studio Solution File, Format Version 12.00
# Visual Studio Version 17
VisualStudioVersion = 17.8.34316.72
MinimumVisualStudioVersion = 10.0.40219.1
Project("{FAE04EC0-301F-11D3-BF4B-00C04F79EFBC}") = "HotelReservationSystem-Part1", "HotelReservationSystem-Part1.csproj", "{BF6CB675-3EBF-44C7-AA5F-E096AAB312A1}"
EndProject
Project("{FAE04EC0-301F-11D3-BF4B-00C04F79EFBC}") = "BusinessLayer", "..\..\BLL\BusinessLayer\BusinessLayer.csproj", "{5E7BC32F-56B1-454D-B66B-B3CAB341C5A0}"
EndProject
Project("{FAE04EC0-301F-11D3-BF4B-00C04F79EFBC}") = "DataAccessLayer", "..\..\DAL\DataAccessLayer\DataAccessLayer.csproj", "{4BFBC9D9-975B-4732-B29F-34285D683BAA}"
EndProject
Project("{FAE04EC0-301F-11D3-BF4B-00C04F79EFBC}") = "Models", "..\..\Entity\Models\Models.csproj", "{28AECC55-079C-493F-97D4-2D097A5FD08B}"
EndProject
Global
	GlobalSection(SolutionConfigurationPlatforms) = preSolution
		Debug|Any CPU = Debug|Any CPU
		Release|Any CPU = Release|Any CPU
	EndGlobalSection
	GlobalSection(ProjectConfigurationPlatforms) = postSolution
		{BF6CB675-3EBF-44C7-AA5F-E096AAB312A1}.Debug|Any CPU.ActiveCfg = Debug|Any CPU
		{BF6CB675-3EBF-44C7-AA5F-E096AAB312A1}.Debug|Any CPU.Build.0 = Debug|Any CPU
		{BF6CB675-3EBF-44C7-AA5F-E096AAB312A1}.Release|Any CPU.ActiveCfg = Release|Any CPU
		{BF6CB675-3EBF-44C7-AA5F-E096AAB312A1}.Release|Any CPU.Build.0 = Release|Any CPU
		{5E7BC32F-56B1-454D-B66B-B3CAB341C5A0}.Debug|Any CPU.ActiveCfg = Debug|Any CPU
		{5E7BC32F-56B1-454D-B66B-B3CAB341C5A0}.Debug|Any CPU.Build.0 = Debug|Any CPU
		{5E7BC32F-56B1-454D-B66B-B3CAB341C5A0}.Release|Any CPU.ActiveCfg = Release|Any CPU
		{5E7BC32F-56B1-454D-B66B-B3CAB341C5A0}.Release|Any CPU.Build.0 = Release|Any CPU
		{4BFBC9D9-975B-4732-B29F-34285D683BAA}.Debug|Any CPU.ActiveCfg = Debug|Any CPU
		{4BFBC9D9-975B-4732-B29F-34285D683BAA}.Debug|Any CPU.Build.0 = Debug|Any CPU
		{4BFBC9D9-975B-4732-B29F-34285D683BAA}.Release|Any CPU.ActiveCfg = Release|Any CPU
		{4BFBC9D9-975B-4732-B29F-34285D683BAA}.Release|Any CPU.Build.0 = Release|Any CPU
		{28AECC55-079C-493F-97D4-2D097A5FD08B}.Debug|Any CPU.ActiveCfg = Debug|Any CPU
		{28AECC55-079C-493F-97D4-2D097A5FD08B}.Debug|Any CPU.Build.0 = Debug|Any CPU
		{28AECC55-079C-493F-97D4-2D097A5FD08B}.Release|Any CPU.ActiveCfg = Release|Any CPU
		{28AECC55-079C-493F-97D4-2D097A5FD08B}.Release|Any CPU.Build.0 = Release|Any CPU
	EndGlobalSection
	GlobalSection(SolutionProperties) = preSolution
		HideSolutionNode = FALSE
	EndGlobalSection
	GlobalSection(ExtensibilityGlobals) = postSolution
		SolutionGuid = {E1897DE3-BC79-4841-AD0F-9048D9563170}
	EndGlobalSection
EndGlobal
